
Microsoft Visual Studio Solution File, Format Version 11.00
# Visual Studio 2010
Project("{FAE04EC0-301F-11D3-BF4B-00C04F79EFBC}") = "Assembly-CSharp-firstpass", "Assembly-CSharp-firstpass.csproj", "{61CE24A8-70F9-6DD3-4DA3-9AA407364E19}"
EndProject
Project("{FAE04EC0-301F-11D3-BF4B-00C04F79EFBC}") = "Assembly-CSharp", "Assembly-CSharp.csproj", "{E72F232B-978A-D447-0254-E367C35A67F2}"
EndProject
Project("{FAE04EC0-301F-11D3-BF4B-00C04F79EFBC}") = "Assembly-CSharp-Editor-firstpass", "Assembly-CSharp-Editor-firstpass.csproj", "{86B757EB-4934-3934-CB6B-FA5986128BFE}"
EndProject
Project("{FAE04EC0-301F-11D3-BF4B-00C04F79EFBC}") = "Assembly-CSharp-Editor", "Assembly-CSharp-Editor.csproj", "{60810A1F-F458-BAE5-3E09-E65D1DF1AA69}"
EndProject
Global
	GlobalSection(SolutionConfigurationPlatforms) = preSolution
		Debug|Any CPU = Debug|Any CPU
		Release|Any CPU = Release|Any CPU
	EndGlobalSection
	GlobalSection(ProjectConfigurationPlatforms) = postSolution
		{61CE24A8-70F9-6DD3-4DA3-9AA407364E19}.Debug|Any CPU.ActiveCfg = Debug|Any CPU
		{61CE24A8-70F9-6DD3-4DA3-9AA407364E19}.Debug|Any CPU.Build.0 = Debug|Any CPU
		{61CE24A8-70F9-6DD3-4DA3-9AA407364E19}.Release|Any CPU.ActiveCfg = Release|Any CPU
		{61CE24A8-70F9-6DD3-4DA3-9AA407364E19}.Release|Any CPU.Build.0 = Release|Any CPU
		{E72F232B-978A-D447-0254-E367C35A67F2}.Debug|Any CPU.ActiveCfg = Debug|Any CPU
		{E72F232B-978A-D447-0254-E367C35A67F2}.Debug|Any CPU.Build.0 = Debug|Any CPU
		{E72F232B-978A-D447-0254-E367C35A67F2}.Release|Any CPU.ActiveCfg = Release|Any CPU
		{E72F232B-978A-D447-0254-E367C35A67F2}.Release|Any CPU.Build.0 = Release|Any CPU
		{86B757EB-4934-3934-CB6B-FA5986128BFE}.Debug|Any CPU.ActiveCfg = Debug|Any CPU
		{86B757EB-4934-3934-CB6B-FA5986128BFE}.Debug|Any CPU.Build.0 = Debug|Any CPU
		{86B757EB-4934-3934-CB6B-FA5986128BFE}.Release|Any CPU.ActiveCfg = Release|Any CPU
		{86B757EB-4934-3934-CB6B-FA5986128BFE}.Release|Any CPU.Build.0 = Release|Any CPU
		{60810A1F-F458-BAE5-3E09-E65D1DF1AA69}.Debug|Any CPU.ActiveCfg = Debug|Any CPU
		{60810A1F-F458-BAE5-3E09-E65D1DF1AA69}.Debug|Any CPU.Build.0 = Debug|Any CPU
		{60810A1F-F458-BAE5-3E09-E65D1DF1AA69}.Release|Any CPU.ActiveCfg = Release|Any CPU
		{60810A1F-F458-BAE5-3E09-E65D1DF1AA69}.Release|Any CPU.Build.0 = Release|Any CPU
	EndGlobalSection
	GlobalSection(SolutionProperties) = preSolution
		HideSolutionNode = FALSE
	EndGlobalSection
EndGlobal
